
Microsoft Visual Studio Solution File, Format Version 12.00
# Visual Studio Version 17
VisualStudioVersion = 17.11.35303.130
MinimumVisualStudioVersion = 10.0.40219.1
Project("{FAE04EC0-301F-11D3-BF4B-00C04F79EFBC}") = "FinalTest1", "FinalTest1\FinalTest1.csproj", "{DAF270B5-4A05-4EF8-A0B9-3055DDE9524E}"
EndProject
Global
	GlobalSection(SolutionConfigurationPlatforms) = preSolution
		Debug|Any CPU = Debug|Any CPU
		Release|Any CPU = Release|Any CPU
	EndGlobalSection
	GlobalSection(ProjectConfigurationPlatforms) = postSolution
		{DAF270B5-4A05-4EF8-A0B9-3055DDE9524E}.Debug|Any CPU.ActiveCfg = Debug|Any CPU
		{DAF270B5-4A05-4EF8-A0B9-3055DDE9524E}.Debug|Any CPU.Build.0 = Debug|Any CPU
		{DAF270B5-4A05-4EF8-A0B9-3055DDE9524E}.Release|Any CPU.ActiveCfg = Release|Any CPU
		{DAF270B5-4A05-4EF8-A0B9-3055DDE9524E}.Release|Any CPU.Build.0 = Release|Any CPU
	EndGlobalSection
	GlobalSection(SolutionProperties) = preSolution
		HideSolutionNode = FALSE
	EndGlobalSection
	GlobalSection(ExtensibilityGlobals) = postSolution
		SolutionGuid = {D94D5F04-FECC-4392-AAE8-0105DFEF6FCE}
	EndGlobalSection
EndGlobal
